
Microsoft Visual Studio Solution File, Format Version 12.00
# Visual Studio Version 16
VisualStudioVersion = 16.0.29411.108
MinimumVisualStudioVersion = 10.0.40219.1
Project("{FAE04EC0-301F-11D3-BF4B-00C04F79EFBC}") = "WebAPIHagloo", "WebAPIHagloo\WebAPIHagloo.csproj", "{444B64B8-F87B-42BE-B0B3-FCE3B3A62E85}"
EndProject
Global
	GlobalSection(SolutionConfigurationPlatforms) = preSolution
		Debug|Any CPU = Debug|Any CPU
		Release|Any CPU = Release|Any CPU
	EndGlobalSection
	GlobalSection(ProjectConfigurationPlatforms) = postSolution
		{444B64B8-F87B-42BE-B0B3-FCE3B3A62E85}.Debug|Any CPU.ActiveCfg = Debug|Any CPU
		{444B64B8-F87B-42BE-B0B3-FCE3B3A62E85}.Debug|Any CPU.Build.0 = Debug|Any CPU
		{444B64B8-F87B-42BE-B0B3-FCE3B3A62E85}.Release|Any CPU.ActiveCfg = Release|Any CPU
		{444B64B8-F87B-42BE-B0B3-FCE3B3A62E85}.Release|Any CPU.Build.0 = Release|Any CPU
	EndGlobalSection
	GlobalSection(SolutionProperties) = preSolution
		HideSolutionNode = FALSE
	EndGlobalSection
	GlobalSection(ExtensibilityGlobals) = postSolution
		SolutionGuid = {DA08AF70-128B-446B-8583-75EEA2A05556}
	EndGlobalSection
EndGlobal
